
Microsoft Visual Studio Solution File, Format Version 12.00
# Visual Studio Version 17
VisualStudioVersion = 17.1.32421.90
MinimumVisualStudioVersion = 10.0.40219.1
Project("{FAE04EC0-301F-11D3-BF4B-00C04F79EFBC}") = "Universal", "Universal\Universal.csproj", "{B8C45FD1-06FA-4AC6-BBE7-AAB87CB3BD95}"
EndProject
Project("{FAE04EC0-301F-11D3-BF4B-00C04F79EFBC}") = "Entities", "Entities\Entities.csproj", "{348804D9-3569-4E01-9F3D-3C8685CEF092}"
EndProject
Project("{FAE04EC0-301F-11D3-BF4B-00C04F79EFBC}") = "DataAccess", "DataAccess\DataAccess.csproj", "{BB36A6F2-4A18-47C4-AF3D-A46E281464F2}"
EndProject
Project("{FAE04EC0-301F-11D3-BF4B-00C04F79EFBC}") = "Business", "Business\Business.csproj", "{67150CCB-15B1-4DD5-9A69-BC282C9A576B}"
EndProject
Project("{FAE04EC0-301F-11D3-BF4B-00C04F79EFBC}") = "NorthwindUI", "NorthwindUI\NorthwindUI.csproj", "{46FACAC2-A2E6-4508-92D9-3350C8B65D8F}"
EndProject
Global
	GlobalSection(SolutionConfigurationPlatforms) = preSolution
		Debug|Any CPU = Debug|Any CPU
		Release|Any CPU = Release|Any CPU
	EndGlobalSection
	GlobalSection(ProjectConfigurationPlatforms) = postSolution
		{B8C45FD1-06FA-4AC6-BBE7-AAB87CB3BD95}.Debug|Any CPU.ActiveCfg = Debug|Any CPU
		{B8C45FD1-06FA-4AC6-BBE7-AAB87CB3BD95}.Debug|Any CPU.Build.0 = Debug|Any CPU
		{B8C45FD1-06FA-4AC6-BBE7-AAB87CB3BD95}.Release|Any CPU.ActiveCfg = Release|Any CPU
		{B8C45FD1-06FA-4AC6-BBE7-AAB87CB3BD95}.Release|Any CPU.Build.0 = Release|Any CPU
		{348804D9-3569-4E01-9F3D-3C8685CEF092}.Debug|Any CPU.ActiveCfg = Debug|Any CPU
		{348804D9-3569-4E01-9F3D-3C8685CEF092}.Debug|Any CPU.Build.0 = Debug|Any CPU
		{348804D9-3569-4E01-9F3D-3C8685CEF092}.Release|Any CPU.ActiveCfg = Release|Any CPU
		{348804D9-3569-4E01-9F3D-3C8685CEF092}.Release|Any CPU.Build.0 = Release|Any CPU
		{BB36A6F2-4A18-47C4-AF3D-A46E281464F2}.Debug|Any CPU.ActiveCfg = Debug|Any CPU
		{BB36A6F2-4A18-47C4-AF3D-A46E281464F2}.Debug|Any CPU.Build.0 = Debug|Any CPU
		{BB36A6F2-4A18-47C4-AF3D-A46E281464F2}.Release|Any CPU.ActiveCfg = Release|Any CPU
		{BB36A6F2-4A18-47C4-AF3D-A46E281464F2}.Release|Any CPU.Build.0 = Release|Any CPU
		{67150CCB-15B1-4DD5-9A69-BC282C9A576B}.Debug|Any CPU.ActiveCfg = Debug|Any CPU
		{67150CCB-15B1-4DD5-9A69-BC282C9A576B}.Debug|Any CPU.Build.0 = Debug|Any CPU
		{67150CCB-15B1-4DD5-9A69-BC282C9A576B}.Release|Any CPU.ActiveCfg = Release|Any CPU
		{67150CCB-15B1-4DD5-9A69-BC282C9A576B}.Release|Any CPU.Build.0 = Release|Any CPU
		{46FACAC2-A2E6-4508-92D9-3350C8B65D8F}.Debug|Any CPU.ActiveCfg = Debug|Any CPU
		{46FACAC2-A2E6-4508-92D9-3350C8B65D8F}.Debug|Any CPU.Build.0 = Debug|Any CPU
		{46FACAC2-A2E6-4508-92D9-3350C8B65D8F}.Release|Any CPU.ActiveCfg = Release|Any CPU
		{46FACAC2-A2E6-4508-92D9-3350C8B65D8F}.Release|Any CPU.Build.0 = Release|Any CPU
	EndGlobalSection
	GlobalSection(SolutionProperties) = preSolution
		HideSolutionNode = FALSE
	EndGlobalSection
	GlobalSection(ExtensibilityGlobals) = postSolution
		SolutionGuid = {ABA95787-1DEB-4CBE-AAA8-8721E77F2694}
	EndGlobalSection
EndGlobal
